
Microsoft Visual Studio Solution File, Format Version 12.00
# Visual Studio Version 16
VisualStudioVersion = 16.0.33130.400
MinimumVisualStudioVersion = 10.0.40219.1
Project("{FAE04EC0-301F-11D3-BF4B-00C04F79EFBC}") = "TP4 C", "TP4 C\TP4 C.csproj", "{AC4DF7A9-29CA-49DC-923B-1A1960685513}"
EndProject
Global
	GlobalSection(SolutionConfigurationPlatforms) = preSolution
		Debug|Any CPU = Debug|Any CPU
		Release|Any CPU = Release|Any CPU
	EndGlobalSection
	GlobalSection(ProjectConfigurationPlatforms) = postSolution
		{AC4DF7A9-29CA-49DC-923B-1A1960685513}.Debug|Any CPU.ActiveCfg = Debug|Any CPU
		{AC4DF7A9-29CA-49DC-923B-1A1960685513}.Debug|Any CPU.Build.0 = Debug|Any CPU
		{AC4DF7A9-29CA-49DC-923B-1A1960685513}.Release|Any CPU.ActiveCfg = Release|Any CPU
		{AC4DF7A9-29CA-49DC-923B-1A1960685513}.Release|Any CPU.Build.0 = Release|Any CPU
	EndGlobalSection
	GlobalSection(SolutionProperties) = preSolution
		HideSolutionNode = FALSE
	EndGlobalSection
	GlobalSection(ExtensibilityGlobals) = postSolution
		SolutionGuid = {1257E9C1-B193-444F-BBF3-12E6989700FF}
	EndGlobalSection
EndGlobal
